
Microsoft Visual Studio Solution File, Format Version 12.00
# Visual Studio Version 16
VisualStudioVersion = 16.0.29920.165
MinimumVisualStudioVersion = 10.0.40219.1
Project("{FAE04EC0-301F-11D3-BF4B-00C04F79EFBC}") = "SistemaRendevu", "SistemaRendevu\SistemaRendevu.csproj", "{18D1B8AF-B055-4D01-B139-54FF9B6B1D53}"
EndProject
Project("{FAE04EC0-301F-11D3-BF4B-00C04F79EFBC}") = "Modelo", "Modelo\Modelo.csproj", "{02F86320-23D5-40B1-B3A7-F46684F21ED7}"
EndProject
Global
	GlobalSection(SolutionConfigurationPlatforms) = preSolution
		Debug|Any CPU = Debug|Any CPU
		Release|Any CPU = Release|Any CPU
	EndGlobalSection
	GlobalSection(ProjectConfigurationPlatforms) = postSolution
		{18D1B8AF-B055-4D01-B139-54FF9B6B1D53}.Debug|Any CPU.ActiveCfg = Debug|Any CPU
		{18D1B8AF-B055-4D01-B139-54FF9B6B1D53}.Debug|Any CPU.Build.0 = Debug|Any CPU
		{18D1B8AF-B055-4D01-B139-54FF9B6B1D53}.Release|Any CPU.ActiveCfg = Release|Any CPU
		{18D1B8AF-B055-4D01-B139-54FF9B6B1D53}.Release|Any CPU.Build.0 = Release|Any CPU
		{02F86320-23D5-40B1-B3A7-F46684F21ED7}.Debug|Any CPU.ActiveCfg = Debug|Any CPU
		{02F86320-23D5-40B1-B3A7-F46684F21ED7}.Debug|Any CPU.Build.0 = Debug|Any CPU
		{02F86320-23D5-40B1-B3A7-F46684F21ED7}.Release|Any CPU.ActiveCfg = Release|Any CPU
		{02F86320-23D5-40B1-B3A7-F46684F21ED7}.Release|Any CPU.Build.0 = Release|Any CPU
	EndGlobalSection
	GlobalSection(SolutionProperties) = preSolution
		HideSolutionNode = FALSE
	EndGlobalSection
	GlobalSection(ExtensibilityGlobals) = postSolution
		SolutionGuid = {9FB77CAF-1069-46E0-939F-DB08BCCDA490}
	EndGlobalSection
EndGlobal
